
Microsoft Visual Studio Solution File, Format Version 12.00
# Visual Studio Version 17
VisualStudioVersion = 17.2.32516.85
MinimumVisualStudioVersion = 10.0.40219.1
Project("{9A19103F-16F7-4668-BE54-9A1E7A4F7556}") = "BlazorEcommerce.Server", "Server\BlazorEcommerce.Server.csproj", "{5B24CC9A-E548-4FDC-BCD8-0119DF0B7498}"
EndProject
Project("{9A19103F-16F7-4668-BE54-9A1E7A4F7556}") = "BlazorEcommerce.Client", "Client\BlazorEcommerce.Client.csproj", "{B6603C84-EEDF-4995-BE0D-BBF95C9DA400}"
EndProject
Project("{9A19103F-16F7-4668-BE54-9A1E7A4F7556}") = "BlazorEcommerce.Shared", "Shared\BlazorEcommerce.Shared.csproj", "{3127878B-16BB-4642-AF65-0BC4F678E569}"
EndProject
Project("{2150E333-8FDC-42A3-9474-1A3956D46DE8}") = "Solution Items", "Solution Items", "{6D0D9A96-33A5-45B5-843B-BB2085C92E76}"
	ProjectSection(SolutionItems) = preProject
		.editorconfig = .editorconfig
	EndProjectSection
EndProject
Global
	GlobalSection(SolutionConfigurationPlatforms) = preSolution
		Debug|Any CPU = Debug|Any CPU
		Release|Any CPU = Release|Any CPU
	EndGlobalSection
	GlobalSection(ProjectConfigurationPlatforms) = postSolution
		{5B24CC9A-E548-4FDC-BCD8-0119DF0B7498}.Debug|Any CPU.ActiveCfg = Debug|Any CPU
		{5B24CC9A-E548-4FDC-BCD8-0119DF0B7498}.Debug|Any CPU.Build.0 = Debug|Any CPU
		{5B24CC9A-E548-4FDC-BCD8-0119DF0B7498}.Release|Any CPU.ActiveCfg = Release|Any CPU
		{5B24CC9A-E548-4FDC-BCD8-0119DF0B7498}.Release|Any CPU.Build.0 = Release|Any CPU
		{B6603C84-EEDF-4995-BE0D-BBF95C9DA400}.Debug|Any CPU.ActiveCfg = Debug|Any CPU
		{B6603C84-EEDF-4995-BE0D-BBF95C9DA400}.Debug|Any CPU.Build.0 = Debug|Any CPU
		{B6603C84-EEDF-4995-BE0D-BBF95C9DA400}.Release|Any CPU.ActiveCfg = Release|Any CPU
		{B6603C84-EEDF-4995-BE0D-BBF95C9DA400}.Release|Any CPU.Build.0 = Release|Any CPU
		{3127878B-16BB-4642-AF65-0BC4F678E569}.Debug|Any CPU.ActiveCfg = Debug|Any CPU
		{3127878B-16BB-4642-AF65-0BC4F678E569}.Debug|Any CPU.Build.0 = Debug|Any CPU
		{3127878B-16BB-4642-AF65-0BC4F678E569}.Release|Any CPU.ActiveCfg = Release|Any CPU
		{3127878B-16BB-4642-AF65-0BC4F678E569}.Release|Any CPU.Build.0 = Release|Any CPU
	EndGlobalSection
	GlobalSection(SolutionProperties) = preSolution
		HideSolutionNode = FALSE
	EndGlobalSection
	GlobalSection(ExtensibilityGlobals) = postSolution
		SolutionGuid = {1C4477DA-6A7C-4688-A9C5-BC88796835A2}
	EndGlobalSection
EndGlobal
